// !$*UTF8*$!
{
	archiveVersion = 1;
	classes = {
	};
	objectVersion = 46;
	objects = {

/* Begin PBXBuildFile section */
		B07D11DC1CF76052007D3172 /* AppDelegate.swift in Sources */ = {isa = PBXBuildFile; fileRef = B07D11DB1CF76052007D3172 /* AppDelegate.swift */; };
		B07D11DE1CF76052007D3172 /* ViewController.swift in Sources */ = {isa = PBXBuildFile; fileRef = B07D11DD1CF76052007D3172 /* ViewController.swift */; };
		B07D11E11CF76052007D3172 /* Main.storyboard in Resources */ = {isa = PBXBuildFile; fileRef = B07D11DF1CF76052007D3172 /* Main.storyboard */; };
		B07D11E41CF76052007D3172 /* JSONTest.xcdatamodeld in Sources */ = {isa = PBXBuildFile; fileRef = B07D11E21CF76052007D3172 /* JSONTest.xcdatamodeld */; };
		B07D11E61CF76052007D3172 /* Assets.xcassets in Resources */ = {isa = PBXBuildFile; fileRef = B07D11E51CF76052007D3172 /* Assets.xcassets */; };
		B07D11E91CF76052007D3172 /* LaunchScreen.storyboard in Resources */ = {isa = PBXBuildFile; fileRef = B07D11E71CF76052007D3172 /* LaunchScreen.storyboard */; };
		B07D11F41CF76052007D3172 /* JSONTestTests.swift in Sources */ = {isa = PBXBuildFile; fileRef = B07D11F31CF76052007D3172 /* JSONTestTests.swift */; };
		B07D11FF1CF76052007D3172 /* JSONTestUITests.swift in Sources */ = {isa = PBXBuildFile; fileRef = B07D11FE1CF76052007D3172 /* JSONTestUITests.swift */; };
		B07D120D1CF7674C007D3172 /* test.json in Resources */ = {isa = PBXBuildFile; fileRef = B07D120C1CF7674C007D3172 /* test.json */; };
		B07D12101CF76D2A007D3172 /* SwiftyJSON.swift in Sources */ = {isa = PBXBuildFile; fileRef = B07D120F1CF76D2A007D3172 /* SwiftyJSON.swift */; };
/* End PBXBuildFile section */

/* Begin PBXContainerItemProxy section */
		B07D11F01CF76052007D3172 /* PBXContainerItemProxy */ = {
			isa = PBXContainerItemProxy;
			containerPortal = B07D11D01CF76051007D3172 /* Project object */;
			proxyType = 1;
			remoteGlobalIDString = B07D11D71CF76052007D3172;
			remoteInfo = JSONTest;
		};
		B07D11FB1CF76052007D3172 /* PBXContainerItemProxy */ = {
			isa = PBXContainerItemProxy;
			containerPortal = B07D11D01CF76051007D3172 /* Project object */;
			proxyType = 1;
			remoteGlobalIDString = B07D11D71CF76052007D3172;
			remoteInfo = JSONTest;
		};
/* End PBXContainerItemProxy section */

/* Begin PBXFileReference section */
		B07D11D81CF76052007D3172 /* JsonReader.app */ = {isa = PBXFileReference; explicitFileType = wrapper.application; includeInIndex = 0; path = JsonReader.app; sourceTree = BUILT_PRODUCTS_DIR; };
		B07D11DB1CF76052007D3172 /* AppDelegate.swift */ = {isa = PBXFileReference; lastKnownFileType = sourcecode.swift; path = AppDelegate.swift; sourceTree = "<group>"; };
		B07D11DD1CF76052007D3172 /* ViewController.swift */ = {isa = PBXFileReference; lastKnownFileType = sourcecode.swift; path = ViewController.swift; sourceTree = "<group>"; };
		B07D11E01CF76052007D3172 /* Base */ = {isa = PBXFileReference; lastKnownFileType = file.storyboard; name = Base; path = Base.lproj/Main.storyboard; sourceTree = "<group>"; };
		B07D11E31CF76052007D3172 /* JSONTest.xcdatamodel */ = {isa = PBXFileReference; lastKnownFileType = wrapper.xcdatamodel; path = JSONTest.xcdatamodel; sourceTree = "<group>"; };
		B07D11E51CF76052007D3172 /* Assets.xcassets */ = {isa = PBXFileReference; lastKnownFileType = folder.assetcatalog; path = Assets.xcassets; sourceTree = "<group>"; };
		B07D11E81CF76052007D3172 /* Base */ = {isa = PBXFileReference; lastKnownFileType = file.storyboard; name = Base; path = Base.lproj/LaunchScreen.storyboard; sourceTree = "<group>"; };
		B07D11EA1CF76052007D3172 /* Info.plist */ = {isa = PBXFileReference; lastKnownFileType = text.plist.xml; path = Info.plist; sourceTree = "<group>"; };
		B07D11EF1CF76052007D3172 /* JsonReader.xctest */ = {isa = PBXFileReference; explicitFileType = wrapper.cfbundle; includeInIndex = 0; path = JsonReader.xctest; sourceTree = BUILT_PRODUCTS_DIR; };
		B07D11F31CF76052007D3172 /* JSONTestTests.swift */ = {isa = PBXFileReference; lastKnownFileType = sourcecode.swift; path = JSONTestTests.swift; sourceTree = "<group>"; };
		B07D11F51CF76052007D3172 /* Info.plist */ = {isa = PBXFileReference; lastKnownFileType = text.plist.xml; path = Info.plist; sourceTree = "<group>"; };
		B07D11FA1CF76052007D3172 /* JsonReader.xctest */ = {isa = PBXFileReference; explicitFileType = wrapper.cfbundle; includeInIndex = 0; path = JsonReader.xctest; sourceTree = BUILT_PRODUCTS_DIR; };
		B07D11FE1CF76052007D3172 /* JSONTestUITests.swift */ = {isa = PBXFileReference; lastKnownFileType = sourcecode.swift; path = JSONTestUITests.swift; sourceTree = "<group>"; };
		B07D12001CF76052007D3172 /* Info.plist */ = {isa = PBXFileReference; lastKnownFileType = text.plist.xml; path = Info.plist; sourceTree = "<group>"; };
		B07D120C1CF7674C007D3172 /* test.json */ = {isa = PBXFileReference; fileEncoding = 4; lastKnownFileType = text.json; path = test.json; sourceTree = "<group>"; };
		B07D120F1CF76D2A007D3172 /* SwiftyJSON.swift */ = {isa = PBXFileReference; fileEncoding = 4; lastKnownFileType = sourcecode.swift; path = SwiftyJSON.swift; sourceTree = "<group>"; };
/* End PBXFileReference section */

/* Begin PBXFrameworksBuildPhase section */
		B07D11D51CF76052007D3172 /* Frameworks */ = {
			isa = PBXFrameworksBuildPhase;
			buildActionMask = 2147483647;
			files = (
			);
			runOnlyForDeploymentPostprocessing = 0;
		};
		B07D11EC1CF76052007D3172 /* Frameworks */ = {
			isa = PBXFrameworksBuildPhase;
			buildActionMask = 2147483647;
			files = (
			);
			runOnlyForDeploymentPostprocessing = 0;
		};
		B07D11F71CF76052007D3172 /* Frameworks */ = {
			isa = PBXFrameworksBuildPhase;
			buildActionMask = 2147483647;
			files = (
			);
			runOnlyForDeploymentPostprocessing = 0;
		};
/* End PBXFrameworksBuildPhase section */

/* Begin PBXGroup section */
		B07D11CF1CF76051007D3172 = {
			isa = PBXGroup;
			children = (
				B07D11DA1CF76052007D3172 /* JSONTest */,
				B07D11F21CF76052007D3172 /* JSONTestTests */,
				B07D11FD1CF76052007D3172 /* JSONTestUITests */,
				B07D11D91CF76052007D3172 /* Products */,
			);
			sourceTree = "<group>";
		};
		B07D11D91CF76052007D3172 /* Products */ = {
			isa = PBXGroup;
			children = (
				B07D11D81CF76052007D3172 /* JsonReader.app */,
				B07D11EF1CF76052007D3172 /* JsonReader.xctest */,
				B07D11FA1CF76052007D3172 /* JsonReader.xctest */,
			);
			name = Products;
			sourceTree = "<group>";
		};
		B07D11DA1CF76052007D3172 /* JSONTest */ = {
			isa = PBXGroup;
			children = (
				B07D120C1CF7674C007D3172 /* test.json */,
				B07D120F1CF76D2A007D3172 /* SwiftyJSON.swift */,
				B07D11DB1CF76052007D3172 /* AppDelegate.swift */,
				B07D11DD1CF76052007D3172 /* ViewController.swift */,
				B07D11DF1CF76052007D3172 /* Main.storyboard */,
				B07D11E51CF76052007D3172 /* Assets.xcassets */,
				B07D11E71CF76052007D3172 /* LaunchScreen.storyboard */,
				B07D11EA1CF76052007D3172 /* Info.plist */,
				B07D11E21CF76052007D3172 /* JSONTest.xcdatamodeld */,
			);
			path = JSONTest;
			sourceTree = "<group>";
		};
		B07D11F21CF76052007D3172 /* JSONTestTests */ = {
			isa = PBXGroup;
			children = (
				B07D11F31CF76052007D3172 /* JSONTestTests.swift */,
				B07D11F51CF76052007D3172 /* Info.plist */,
			);
			path = JSONTestTests;
			sourceTree = "<group>";
		};
		B07D11FD1CF76052007D3172 /* JSONTestUITests */ = {
			isa = PBXGroup;
			children = (
				B07D11FE1CF76052007D3172 /* JSONTestUITests.swift */,
				B07D12001CF76052007D3172 /* Info.plist */,
			);
			path = JSONTestUITests;
			sourceTree = "<group>";
		};
/* End PBXGroup section */

/* Begin PBXNativeTarget section */
		B07D11D71CF76052007D3172 /* JsonReader */ = {
			isa = PBXNativeTarget;
			buildConfigurationList = B07D12031CF76052007D3172 /* Build configuration list for PBXNativeTarget "JsonReader" */;
			buildPhases = (
				B07D11D41CF76052007D3172 /* Sources */,
				B07D11D51CF76052007D3172 /* Frameworks */,
				B07D11D61CF76052007D3172 /* Resources */,
			);
			buildRules = (
			);
			dependencies = (
			);
			name = JsonReader;
			productName = JSONTest;
			productReference = B07D11D81CF76052007D3172 /* JsonReader.app */;
			productType = "com.apple.product-type.application";
		};
		B07D11EE1CF76052007D3172 /* JsonReaderTests */ = {
			isa = PBXNativeTarget;
			buildConfigurationList = B07D12061CF76052007D3172 /* Build configuration list for PBXNativeTarget "JsonReaderTests" */;
			buildPhases = (
				B07D11EB1CF76052007D3172 /* Sources */,
				B07D11EC1CF76052007D3172 /* Frameworks */,
				B07D11ED1CF76052007D3172 /* Resources */,
			);
			buildRules = (
			);
			dependencies = (
				B07D11F11CF76052007D3172 /* PBXTargetDependency */,
			);
			name = JsonReaderTests;
			productName = JSONTestTests;
			productReference = B07D11EF1CF76052007D3172 /* JsonReader.xctest */;
			productType = "com.apple.product-type.bundle.unit-test";
		};
		B07D11F91CF76052007D3172 /* JsonReaderUITests */ = {
			isa = PBXNativeTarget;
			buildConfigurationList = B07D12091CF76052007D3172 /* Build configuration list for PBXNativeTarget "JsonReaderUITests" */;
			buildPhases = (
				B07D11F61CF76052007D3172 /* Sources */,
				B07D11F71CF76052007D3172 /* Frameworks */,
				B07D11F81CF76052007D3172 /* Resources */,
			);
			buildRules = (
			);
			dependencies = (
				B07D11FC1CF76052007D3172 /* PBXTargetDependency */,
			);
			name = JsonReaderUITests;
			productName = JSONTestUITests;
			productReference = B07D11FA1CF76052007D3172 /* JsonReader.xctest */;
			productType = "com.apple.product-type.bundle.ui-testing";
		};
/* End PBXNativeTarget section */

/* Begin PBXProject section */
		B07D11D01CF76051007D3172 /* Project object */ = {
			isa = PBXProject;
			attributes = {
				LastSwiftUpdateCheck = 0730;
				LastUpgradeCheck = 0730;
				ORGANIZATIONNAME = "Evolution Technologies SA de CV";
				TargetAttributes = {
					B07D11D71CF76052007D3172 = {
						CreatedOnToolsVersion = 7.3.1;
					};
					B07D11EE1CF76052007D3172 = {
						CreatedOnToolsVersion = 7.3.1;
						TestTargetID = B07D11D71CF76052007D3172;
					};
					B07D11F91CF76052007D3172 = {
						CreatedOnToolsVersion = 7.3.1;
						TestTargetID = B07D11D71CF76052007D3172;
					};
				};
			};
			buildConfigurationList = B07D11D31CF76051007D3172 /* Build configuration list for PBXProject "JsonReader" */;
			compatibilityVersion = "Xcode 3.2";
			developmentRegion = English;
			hasScannedForEncodings = 0;
			knownRegions = (
				en,
				Base,
			);
			mainGroup = B07D11CF1CF76051007D3172;
			productRefGroup = B07D11D91CF76052007D3172 /* Products */;
			projectDirPath = "";
			projectRoot = "";
			targets = (
				B07D11D71CF76052007D3172 /* JsonReader */,
				B07D11EE1CF76052007D3172 /* JsonReaderTests */,
				B07D11F91CF76052007D3172 /* JsonReaderUITests */,
			);
		};
/* End PBXProject section */

/* Begin PBXResourcesBuildPhase section */
		B07D11D61CF76052007D3172 /* Resources */ = {
			isa = PBXResourcesBuildPhase;
			buildActionMask = 2147483647;
			files = (
				B07D11E91CF76052007D3172 /* LaunchScreen.storyboard in Resources */,
				B07D120D1CF7674C007D3172 /* test.json in Resources */,
				B07D11E61CF76052007D3172 /* Assets.xcassets in Resources */,
				B07D11E11CF76052007D3172 /* Main.storyboard in Resources */,
			);
			runOnlyForDeploymentPostprocessing = 0;
		};
		B07D11ED1CF76052007D3172 /* Resources */ = {
			isa = PBXResourcesBuildPhase;
			buildActionMask = 2147483647;
			files = (
			);
			runOnlyForDeploymentPostprocessing = 0;
		};
		B07D11F81CF76052007D3172 /* Resources */ = {
			isa = PBXResourcesBuildPhase;
			buildActionMask = 2147483647;
			files = (
			);
			runOnlyForDeploymentPostprocessing = 0;
		};
/* End PBXResourcesBuildPhase section */

/* Begin PBXSourcesBuildPhase section */
		B07D11D41CF76052007D3172 /* Sources */ = {
			isa = PBXSourcesBuildPhase;
			buildActionMask = 2147483647;
			files = (
				B07D11DE1CF76052007D3172 /* ViewController.swift in Sources */,
				B07D11E41CF76052007D3172 /* JSONTest.xcdatamodeld in Sources */,
				B07D11DC1CF76052007D3172 /* AppDelegate.swift in Sources */,
				B07D12101CF76D2A007D3172 /* SwiftyJSON.swift in Sources */,
			);
			runOnlyForDeploymentPostprocessing = 0;
		};
		B07D11EB1CF76052007D3172 /* Sources */ = {
			isa = PBXSourcesBuildPhase;
			buildActionMask = 2147483647;
			files = (
				B07D11F41CF76052007D3172 /* JSONTestTests.swift in Sources */,
			);
			runOnlyForDeploymentPostprocessing = 0;
		};
		B07D11F61CF76052007D3172 /* Sources */ = {
			isa = PBXSourcesBuildPhase;
			buildActionMask = 2147483647;
			files = (
				B07D11FF1CF76052007D3172 /* JSONTestUITests.swift in Sources */,
			);
			runOnlyForDeploymentPostprocessing = 0;
		};
/* End PBXSourcesBuildPhase section */

/* Begin PBXTargetDependency section */
		B07D11F11CF76052007D3172 /* PBXTargetDependency */ = {
			isa = PBXTargetDependency;
			target = B07D11D71CF76052007D3172 /* JsonReader */;
			targetProxy = B07D11F01CF76052007D3172 /* PBXContainerItemProxy */;
		};
		B07D11FC1CF76052007D3172 /* PBXTargetDependency */ = {
			isa = PBXTargetDependency;
			target = B07D11D71CF76052007D3172 /* JsonReader */;
			targetProxy = B07D11FB1CF76052007D3172 /* PBXContainerItemProxy */;
		};
/* End PBXTargetDependency section */

/* Begin PBXVariantGroup section */
		B07D11DF1CF76052007D3172 /* Main.storyboard */ = {
			isa = PBXVariantGroup;
			children = (
				B07D11E01CF76052007D3172 /* Base */,
			);
			name = Main.storyboard;
			sourceTree = "<group>";
		};
		B07D11E71CF76052007D3172 /* LaunchScreen.storyboard */ = {
			isa = PBXVariantGroup;
			children = (
				B07D11E81CF76052007D3172 /* Base */,
			);
			name = LaunchScreen.storyboard;
			sourceTree = "<group>";
		};
/* End PBXVariantGroup section */

/* Begin XCBuildConfiguration section */
		B07D12011CF76052007D3172 /* Debug */ = {
			isa = XCBuildConfiguration;
			buildSettings = {
				ALWAYS_SEARCH_USER_PATHS = NO;
				CLANG_ANALYZER_NONNULL = YES;
				CLANG_CXX_LANGUAGE_STANDARD = "gnu++0x";
				CLANG_CXX_LIBRARY = "libc++";
				CLANG_ENABLE_MODULES = YES;
				CLANG_ENABLE_OBJC_ARC = YES;
				CLANG_WARN_BOOL_CONVERSION = YES;
				CLANG_WARN_CONSTANT_CONVERSION = YES;
				CLANG_WARN_DIRECT_OBJC_ISA_USAGE = YES_ERROR;
				CLANG_WARN_EMPTY_BODY = YES;
				CLANG_WARN_ENUM_CONVERSION = YES;
				CLANG_WARN_INT_CONVERSION = YES;
				CLANG_WARN_OBJC_ROOT_CLASS = YES_ERROR;
				CLANG_WARN_UNREACHABLE_CODE = YES;
				CLANG_WARN__DUPLICATE_METHOD_MATCH = YES;
				"CODE_SIGN_IDENTITY[sdk=iphoneos*]" = "iPhone Developer";
				COPY_PHASE_STRIP = NO;
				DEBUG_INFORMATION_FORMAT = dwarf;
				ENABLE_STRICT_OBJC_MSGSEND = YES;
				ENABLE_TESTABILITY = YES;
				GCC_C_LANGUAGE_STANDARD = gnu99;
				GCC_DYNAMIC_NO_PIC = NO;
				GCC_NO_COMMON_BLOCKS = YES;
				GCC_OPTIMIZATION_LEVEL = 0;
				GCC_PREPROCESSOR_DEFINITIONS = (
					"DEBUG=1",
					"$(inherited)",
				);
				GCC_WARN_64_TO_32_BIT_CONVERSION = YES;
				GCC_WARN_ABOUT_RETURN_TYPE = YES_ERROR;
				GCC_WARN_UNDECLARED_SELECTOR = YES;
				GCC_WARN_UNINITIALIZED_AUTOS = YES_AGGRESSIVE;
				GCC_WARN_UNUSED_FUNCTION = YES;
				GCC_WARN_UNUSED_VARIABLE = YES;
				IPHONEOS_DEPLOYMENT_TARGET = 9.3;
				MTL_ENABLE_DEBUG_INFO = YES;
				ONLY_ACTIVE_ARCH = YES;
				SDKROOT = iphoneos;
				SWIFT_OPTIMIZATION_LEVEL = "-Onone";
				TARGETED_DEVICE_FAMILY = 2;
			};
			name = Debug;
		};
		B07D12021CF76052007D3172 /* Release */ = {
			isa = XCBuildConfiguration;
			buildSettings = {
				ALWAYS_SEARCH_USER_PATHS = NO;
				CLANG_ANALYZER_NONNULL = YES;
				CLANG_CXX_LANGUAGE_STANDARD = "gnu++0x";
				CLANG_CXX_LIBRARY = "libc++";
				CLANG_ENABLE_MODULES = YES;
				CLANG_ENABLE_OBJC_ARC = YES;
				CLANG_WARN_BOOL_CONVERSION = YES;
				CLANG_WARN_CONSTANT_CONVERSION = YES;
				CLANG_WARN_DIRECT_OBJC_ISA_USAGE = YES_ERROR;
				CLANG_WARN_EMPTY_BODY = YES;
				CLANG_WARN_ENUM_CONVERSION = YES;
				CLANG_WARN_INT_CONVERSION = YES;
				CLANG_WARN_OBJC_ROOT_CLASS = YES_ERROR;
				CLANG_WARN_UNREACHABLE_CODE = YES;
				CLANG_WARN__DUPLICATE_METHOD_MATCH = YES;
				"CODE_SIGN_IDENTITY[sdk=iphoneos*]" = "iPhone Developer";
				COPY_PHASE_STRIP = NO;
				DEBUG_INFORMATION_FORMAT = "dwarf-with-dsym";
				ENABLE_NS_ASSERTIONS = NO;
				ENABLE_STRICT_OBJC_MSGSEND = YES;
				GCC_C_LANGUAGE_STANDARD = gnu99;
				GCC_NO_COMMON_BLOCKS = YES;
				GCC_WARN_64_TO_32_BIT_CONVERSION = YES;
				GCC_WARN_ABOUT_RETURN_TYPE = YES_ERROR;
				GCC_WARN_UNDECLARED_SELECTOR = YES;
				GCC_WARN_UNINITIALIZED_AUTOS = YES_AGGRESSIVE;
				GCC_WARN_UNUSED_FUNCTION = YES;
				GCC_WARN_UNUSED_VARIABLE = YES;
				IPHONEOS_DEPLOYMENT_TARGET = 9.3;
				MTL_ENABLE_DEBUG_INFO = NO;
				SDKROOT = iphoneos;
				TARGETED_DEVICE_FAMILY = 2;
				VALIDATE_PRODUCT = YES;
			};
			name = Release;
		};
		B07D12041CF76052007D3172 /* Debug */ = {
			isa = XCBuildConfiguration;
			buildSettings = {
				ASSETCATALOG_COMPILER_APPICON_NAME = AppIcon;
				INFOPLIST_FILE = JSONTest/Info.plist;
				LD_RUNPATH_SEARCH_PATHS = "$(inherited) @executable_path/Frameworks";
				PRODUCT_BUNDLE_IDENTIFIER = JsonReader;
				PRODUCT_NAME = JsonReader;
			};
			name = Debug;
		};
		B07D12051CF76052007D3172 /* Release */ = {
			isa = XCBuildConfiguration;
			buildSettings = {
				ASSETCATALOG_COMPILER_APPICON_NAME = AppIcon;
				INFOPLIST_FILE = JSONTest/Info.plist;
				LD_RUNPATH_SEARCH_PATHS = "$(inherited) @executable_path/Frameworks";
				PRODUCT_BUNDLE_IDENTIFIER = JsonReader;
				PRODUCT_NAME = JsonReader;
			};
			name = Release;
		};
		B07D12071CF76052007D3172 /* Debug */ = {
			isa = XCBuildConfiguration;
			buildSettings = {
				BUNDLE_LOADER = "$(TEST_HOST)";
				INFOPLIST_FILE = JSONTestTests/Info.plist;
				LD_RUNPATH_SEARCH_PATHS = "$(inherited) @executable_path/Frameworks @loader_path/Frameworks";
				PRODUCT_BUNDLE_IDENTIFIER = "Evol-Tech.JSONTestTests";
				PRODUCT_NAME = JsonReader;
				TEST_HOST = "$(BUILT_PRODUCTS_DIR)/JsonReader.app/JsonReader";
			};
			name = Debug;
		};
		B07D12081CF76052007D3172 /* Release */ = {
			isa = XCBuildConfiguration;
			buildSettings = {
				BUNDLE_LOADER = "$(TEST_HOST)";
				INFOPLIST_FILE = JSONTestTests/Info.plist;
				LD_RUNPATH_SEARCH_PATHS = "$(inherited) @executable_path/Frameworks @loader_path/Frameworks";
				PRODUCT_BUNDLE_IDENTIFIER = "Evol-Tech.JSONTestTests";
				PRODUCT_NAME = JsonReader;
				TEST_HOST = "$(BUILT_PRODUCTS_DIR)/JsonReader.app/JsonReader";
			};
			name = Release;
		};
		B07D120A1CF76052007D3172 /* Debug */ = {
			isa = XCBuildConfiguration;
			buildSettings = {
				INFOPLIST_FILE = JSONTestUITests/Info.plist;
				LD_RUNPATH_SEARCH_PATHS = "$(inherited) @executable_path/Frameworks @loader_path/Frameworks";
				PRODUCT_BUNDLE_IDENTIFIER = "Evol-Tech.JSONTestUITests";
				PRODUCT_NAME = JsonReader;
				TEST_TARGET_NAME = JSONTest;
			};
			name = Debug;
		};
		B07D120B1CF76052007D3172 /* Release */ = {
			isa = XCBuildConfiguration;
			buildSettings = {
				INFOPLIST_FILE = JSONTestUITests/Info.plist;
				LD_RUNPATH_SEARCH_PATHS = "$(inherited) @executable_path/Frameworks @loader_path/Frameworks";
				PRODUCT_BUNDLE_IDENTIFIER = "Evol-Tech.JSONTestUITests";
				PRODUCT_NAME = JsonReader;
				TEST_TARGET_NAME = JSONTest;
			};
			name = Release;
		};
/* End XCBuildConfiguration section */

/* Begin XCConfigurationList section */
		B07D11D31CF76051007D3172 /* Build configuration list for PBXProject "JsonReader" */ = {
			isa = XCConfigurationList;
			buildConfigurations = (
				B07D12011CF76052007D3172 /* Debug */,
				B07D12021CF76052007D3172 /* Release */,
			);
			defaultConfigurationIsVisible = 0;
			defaultConfigurationName = Release;
		};
		B07D12031CF76052007D3172 /* Build configuration list for PBXNativeTarget "JsonReader" */ = {
			isa = XCConfigurationList;
			buildConfigurations = (
				B07D12041CF76052007D3172 /* Debug */,
				B07D12051CF76052007D3172 /* Release */,
			);
			defaultConfigurationIsVisible = 0;
			defaultConfigurationName = Release;
		};
		B07D12061CF76052007D3172 /* Build configuration list for PBXNativeTarget "JsonReaderTests" */ = {
			isa = XCConfigurationList;
			buildConfigurations = (
				B07D12071CF76052007D3172 /* Debug */,
				B07D12081CF76052007D3172 /* Release */,
			);
			defaultConfigurationIsVisible = 0;
			defaultConfigurationName = Release;
		};
		B07D12091CF76052007D3172 /* Build configuration list for PBXNativeTarget "JsonReaderUITests" */ = {
			isa = XCConfigurationList;
			buildConfigurations = (
				B07D120A1CF76052007D3172 /* Debug */,
				B07D120B1CF76052007D3172 /* Release */,
			);
			defaultConfigurationIsVisible = 0;
			defaultConfigurationName = Release;
		};
/* End XCConfigurationList section */

/* Begin XCVersionGroup section */
		B07D11E21CF76052007D3172 /* JSONTest.xcdatamodeld */ = {
			isa = XCVersionGroup;
			children = (
				B07D11E31CF76052007D3172 /* JSONTest.xcdatamodel */,
			);
			currentVersion = B07D11E31CF76052007D3172 /* JSONTest.xcdatamodel */;
			path = JSONTest.xcdatamodeld;
			sourceTree = "<group>";
			versionGroupType = wrapper.xcdatamodel;
		};
/* End XCVersionGroup section */
	};
	rootObject = B07D11D01CF76051007D3172 /* Project object */;
}
